PODS:
  - MagicalRecord (2.2):
    - MagicalRecord/Core
  - MagicalRecord/Core (2.2)
  - MessagePack (1.0.0)
  - Objective-LevelDB (2.0.7):
    - Objective-LevelDB/leveldb
    - Objective-LevelDB/leveldb
  - Objective-LevelDB/leveldb (2.0.7):
    - Objective-LevelDB/leveldb
  - XCAsyncTestCase (0.0.1)

DEPENDENCIES:
  - MagicalRecord
  - MessagePack
  - Objective-LevelDB
  - XCAsyncTestCase

SPEC CHECKSUMS:
  MagicalRecord: 95d49d74ef752cd52f6ad87bcb474817fc3978cf
  MessagePack: f54bf02dd4bc0dbd4ad84134a805a3e4d466c88f
  Objective-LevelDB: 8163d36d32e51b6d09ba7effad9e0e963ba44262
  XCAsyncTestCase: 6e92e14f923ed5925d93bc80720ef0e81e1e896f

COCOAPODS: 0.32.1
