// !$*UTF8*$!
{
	archiveVersion = 1;
	classes = {
	};
	objectVersion = 46;
	objects = {

/* Begin PBXBuildFile section */
		520F332018FC882400932E4B /* LSIndex.m in Sources */ = {isa = PBXBuildFile; fileRef = 520F331F18FC882400932E4B /* LSIndex.m */; };
		520F332418FC887C00932E4B /* InfoPlist.strings in Resources */ = {isa = PBXBuildFile; fileRef = 520F332218FC887C00932E4B /* InfoPlist.strings */; };
		520F332A18FC88E700932E4B /* LevelSearchTests.xcdatamodeld in Sources */ = {isa = PBXBuildFile; fileRef = 520F332618FC88E700932E4B /* LevelSearchTests.xcdatamodeld */; };
		520F332B18FC88E700932E4B /* Person.m in Sources */ = {isa = PBXBuildFile; fileRef = 520F332918FC88E700932E4B /* Person.m */; };
		520F332F18FC88F400932E4B /* Person+PersonFactory.m in Sources */ = {isa = PBXBuildFile; fileRef = 520F332E18FC88F400932E4B /* Person+PersonFactory.m */; };
		520F333218FC88FD00932E4B /* UIImage+TestColorImages.m in Sources */ = {isa = PBXBuildFile; fileRef = 520F333118FC88FD00932E4B /* UIImage+TestColorImages.m */; };
		520F333518FC890700932E4B /* testNames.json in Resources */ = {isa = PBXBuildFile; fileRef = 520F333418FC890700932E4B /* testNames.json */; };
		520F333818FC890D00932E4B /* TestDataManager.m in Sources */ = {isa = PBXBuildFile; fileRef = 520F333718FC890D00932E4B /* TestDataManager.m */; };
		520F333A18FC891700932E4B /* testAvatar.png in Resources */ = {isa = PBXBuildFile; fileRef = 520F333918FC891700932E4B /* testAvatar.png */; };
		520F333E18FC8E7800932E4B /* LevelSearchSetupTests.m in Sources */ = {isa = PBXBuildFile; fileRef = 520F333D18FC8E7800932E4B /* LevelSearchSetupTests.m */; };
		520F334018FC90E900932E4B /* LevelSearchContextWatchingTests.m in Sources */ = {isa = PBXBuildFile; fileRef = 520F333F18FC90E900932E4B /* LevelSearchContextWatchingTests.m */; };
		52A45F7F19004AA000B70C01 /* LevelSearchIndexingTests.m in Sources */ = {isa = PBXBuildFile; fileRef = 52A45F7E19004AA000B70C01 /* LevelSearchIndexingTests.m */; };
		52A45F8419004D8400B70C01 /* adjectives.json in Resources */ = {isa = PBXBuildFile; fileRef = 520952B918FF74510040D3E6 /* adjectives.json */; };
		52C21E23190017C90041CC87 /* LevelSearchQueryTests.m in Sources */ = {isa = PBXBuildFile; fileRef = 52C21E22190017C90041CC87 /* LevelSearchQueryTests.m */; };
		52C21E27190018220041CC87 /* XCTestCase+TestSetup.m in Sources */ = {isa = PBXBuildFile; fileRef = 52C21E26190018220041CC87 /* XCTestCase+TestSetup.m */; };
		FA1ACF2D025746BA88CBE144 /* libPods-LevelSearchTests.a in Frameworks */ = {isa = PBXBuildFile; fileRef = 2BB58D1596774A149A228C22 /* libPods-LevelSearchTests.a */; };
/* End PBXBuildFile section */

/* Begin PBXFileReference section */
		1DB9B7E924604AD38E5778BC /* Pods-LevelSearchTestApp.xcconfig */ = {isa = PBXFileReference; includeInIndex = 1; lastKnownFileType = text.xcconfig; name = "Pods-LevelSearchTestApp.xcconfig"; path = "../Pods/Pods-LevelSearchTestApp.xcconfig"; sourceTree = "<group>"; };
		2BB58D1596774A149A228C22 /* libPods-LevelSearchTests.a */ = {isa = PBXFileReference; explicitFileType = archive.ar; includeInIndex = 0; path = "libPods-LevelSearchTests.a"; sourceTree = BUILT_PRODUCTS_DIR; };
		4BCC41BBC62240BCA57FBB5F /* Pods-LevelSearchTests.xcconfig */ = {isa = PBXFileReference; includeInIndex = 1; lastKnownFileType = text.xcconfig; name = "Pods-LevelSearchTests.xcconfig"; path = "../Pods/Pods-LevelSearchTests.xcconfig"; sourceTree = "<group>"; };
		520952B918FF74510040D3E6 /* adjectives.json */ = {isa = PBXFileReference; fileEncoding = 4; lastKnownFileType = text.json; path = adjectives.json; sourceTree = "<group>"; };
		520F331D18FC882400932E4B /* LevelSearch.h */ = {isa = PBXFileReference; fileEncoding = 4; lastKnownFileType = sourcecode.c.h; name = LevelSearch.h; path = ../Classes/LevelSearch.h; sourceTree = "<group>"; };
		520F331E18FC882400932E4B /* LSIndex.h */ = {isa = PBXFileReference; fileEncoding = 4; lastKnownFileType = sourcecode.c.h; name = LSIndex.h; path = ../Classes/LSIndex.h; sourceTree = "<group>"; };
		520F331F18FC882400932E4B /* LSIndex.m */ = {isa = PBXFileReference; fileEncoding = 4; lastKnownFileType = sourcecode.c.objc; name = LSIndex.m; path = ../Classes/LSIndex.m; sourceTree = "<group>"; };
		520F332318FC887C00932E4B /* en */ = {isa = PBXFileReference; lastKnownFileType = text.plist.strings; name = en; path = InfoPlist.strings; sourceTree = "<group>"; };
		520F332718FC88E700932E4B /* LevelSearchTests.xcdatamodel */ = {isa = PBXFileReference; lastKnownFileType = wrapper.xcdatamodel; path = LevelSearchTests.xcdatamodel; sourceTree = "<group>"; };
		520F332818FC88E700932E4B /* Person.h */ = {isa = PBXFileReference; fileEncoding = 4; lastKnownFileType = sourcecode.c.h; path = Person.h; sourceTree = "<group>"; };
		520F332918FC88E700932E4B /* Person.m */ = {isa = PBXFileReference; fileEncoding = 4; lastKnownFileType = sourcecode.c.objc; path = Person.m; sourceTree = "<group>"; };
		520F332D18FC88F400932E4B /* Person+PersonFactory.h */ = {isa = PBXFileReference; fileEncoding = 4; lastKnownFileType = sourcecode.c.h; path = "Person+PersonFactory.h"; sourceTree = "<group>"; };
		520F332E18FC88F400932E4B /* Person+PersonFactory.m */ = {isa = PBXFileReference; fileEncoding = 4; lastKnownFileType = sourcecode.c.objc; path = "Person+PersonFactory.m"; sourceTree = "<group>"; };
		520F333018FC88FD00932E4B /* UIImage+TestColorImages.h */ = {isa = PBXFileReference; fileEncoding = 4; lastKnownFileType = sourcecode.c.h; path = "UIImage+TestColorImages.h"; sourceTree = "<group>"; };
		520F333118FC88FD00932E4B /* UIImage+TestColorImages.m */ = {isa = PBXFileReference; fileEncoding = 4; lastKnownFileType = sourcecode.c.objc; path = "UIImage+TestColorImages.m"; sourceTree = "<group>"; };
		520F333418FC890700932E4B /* testNames.json */ = {isa = PBXFileReference; fileEncoding = 4; lastKnownFileType = text.json; path = testNames.json; sourceTree = "<group>"; };
		520F333618FC890D00932E4B /* TestDataManager.h */ = {isa = PBXFileReference; fileEncoding = 4; lastKnownFileType = sourcecode.c.h; path = TestDataManager.h; sourceTree = "<group>"; };
		520F333718FC890D00932E4B /* TestDataManager.m */ = {isa = PBXFileReference; fileEncoding = 4; lastKnownFileType = sourcecode.c.objc; path = TestDataManager.m; sourceTree = "<group>"; };
		520F333918FC891700932E4B /* testAvatar.png */ = {isa = PBXFileReference; lastKnownFileType = image.png; path = testAvatar.png; sourceTree = "<group>"; };
		520F333D18FC8E7800932E4B /* LevelSearchSetupTests.m */ = {isa = PBXFileReference; fileEncoding = 4; lastKnownFileType = sourcecode.c.objc; path = LevelSearchSetupTests.m; sourceTree = "<group>"; };
		520F333F18FC90E900932E4B /* LevelSearchContextWatchingTests.m */ = {isa = PBXFileReference; fileEncoding = 4; lastKnownFileType = sourcecode.c.objc; path = LevelSearchContextWatchingTests.m; sourceTree = "<group>"; };
		521411F118FC873200837228 /* LevelSearchTests.xctest */ = {isa = PBXFileReference; explicitFileType = wrapper.cfbundle; includeInIndex = 0; path = LevelSearchTests.xctest; sourceTree = BUILT_PRODUCTS_DIR; };
		5214120B18FC875C00837228 /* LevelSearchTests-Info.plist */ = {isa = PBXFileReference; fileEncoding = 4; lastKnownFileType = text.plist.xml; path = "LevelSearchTests-Info.plist"; sourceTree = "<group>"; };
		5214120C18FC875C00837228 /* LevelSearchTests-Prefix.pch */ = {isa = PBXFileReference; fileEncoding = 4; lastKnownFileType = sourcecode.c.h; path = "LevelSearchTests-Prefix.pch"; sourceTree = "<group>"; };
		527BDDDD18FCC4C200851317 /* Foundation.framework */ = {isa = PBXFileReference; lastKnownFileType = wrapper.framework; name = Foundation.framework; path = System/Library/Frameworks/Foundation.framework; sourceTree = SDKROOT; };
		527BDDDF18FCC4C200851317 /* CoreGraphics.framework */ = {isa = PBXFileReference; lastKnownFileType = wrapper.framework; name = CoreGraphics.framework; path = System/Library/Frameworks/CoreGraphics.framework; sourceTree = SDKROOT; };
		527BDDE118FCC4C200851317 /* UIKit.framework */ = {isa = PBXFileReference; lastKnownFileType = wrapper.framework; name = UIKit.framework; path = System/Library/Frameworks/UIKit.framework; sourceTree = SDKROOT; };
		527BDDF618FCC4C200851317 /* XCTest.framework */ = {isa = PBXFileReference; lastKnownFileType = wrapper.framework; name = XCTest.framework; path = Library/Frameworks/XCTest.framework; sourceTree = DEVELOPER_DIR; };
		52A45F7E19004AA000B70C01 /* LevelSearchIndexingTests.m */ = {isa = PBXFileReference; fileEncoding = 4; lastKnownFileType = sourcecode.c.objc; path = LevelSearchIndexingTests.m; sourceTree = "<group>"; };
		52C21E22190017C90041CC87 /* LevelSearchQueryTests.m */ = {isa = PBXFileReference; fileEncoding = 4; lastKnownFileType = sourcecode.c.objc; path = LevelSearchQueryTests.m; sourceTree = "<group>"; };
		52C21E25190018220041CC87 /* XCTestCase+TestSetup.h */ = {isa = PBXFileReference; fileEncoding = 4; lastKnownFileType = sourcecode.c.h; path = "XCTestCase+TestSetup.h"; sourceTree = "<group>"; };
		52C21E26190018220041CC87 /* XCTestCase+TestSetup.m */ = {isa = PBXFileReference; fileEncoding = 4; lastKnownFileType = sourcecode.c.objc; path = "XCTestCase+TestSetup.m"; sourceTree = "<group>"; };
		783F480765BE4774924344CF /* libPods-LevelSearchTestApp.a */ = {isa = PBXFileReference; explicitFileType = archive.ar; includeInIndex = 0; path = "libPods-LevelSearchTestApp.a"; sourceTree = BUILT_PRODUCTS_DIR; };
/* End PBXFileReference section */

/* Begin PBXFrameworksBuildPhase section */
		521411EE18FC873200837228 /* Frameworks */ = {
			isa = PBXFrameworksBuildPhase;
			buildActionMask = 2147483647;
			files = (
				FA1ACF2D025746BA88CBE144 /* libPods-LevelSearchTests.a in Frameworks */,
			);
			runOnlyForDeploymentPostprocessing = 0;
		};
/* End PBXFrameworksBuildPhase section */

/* Begin PBXGroup section */
		3C81FB3EBB3646EDAEF121CE /* Frameworks */ = {
			isa = PBXGroup;
			children = (
				2BB58D1596774A149A228C22 /* libPods-LevelSearchTests.a */,
				527BDDDD18FCC4C200851317 /* Foundation.framework */,
				527BDDDF18FCC4C200851317 /* CoreGraphics.framework */,
				527BDDE118FCC4C200851317 /* UIKit.framework */,
				527BDDF618FCC4C200851317 /* XCTest.framework */,
				783F480765BE4774924344CF /* libPods-LevelSearchTestApp.a */,
			);
			name = Frameworks;
			sourceTree = "<group>";
		};
		520F331B18FC881300932E4B /* Vendor */ = {
			isa = PBXGroup;
			children = (
				520F331C18FC881900932E4B /* LevelSearch */,
			);
			name = Vendor;
			sourceTree = "<group>";
		};
		520F331C18FC881900932E4B /* LevelSearch */ = {
			isa = PBXGroup;
			children = (
				520F331D18FC882400932E4B /* LevelSearch.h */,
				520F331E18FC882400932E4B /* LSIndex.h */,
				520F331F18FC882400932E4B /* LSIndex.m */,
			);
			name = LevelSearch;
			sourceTree = "<group>";
		};
		520F332118FC887C00932E4B /* en.lproj */ = {
			isa = PBXGroup;
			children = (
				520F332218FC887C00932E4B /* InfoPlist.strings */,
			);
			path = en.lproj;
			sourceTree = "<group>";
		};
		520F332518FC88DD00932E4B /* Models */ = {
			isa = PBXGroup;
			children = (
				520F334118FC916F00932E4B /* Factories */,
				520F332618FC88E700932E4B /* LevelSearchTests.xcdatamodeld */,
				520F332818FC88E700932E4B /* Person.h */,
				520F332918FC88E700932E4B /* Person.m */,
			);
			name = Models;
			path = LevelSearchTests;
			sourceTree = "<group>";
		};
		520F332C18FC88EB00932E4B /* Categories */ = {
			isa = PBXGroup;
			children = (
				520F333018FC88FD00932E4B /* UIImage+TestColorImages.h */,
				520F333118FC88FD00932E4B /* UIImage+TestColorImages.m */,
			);
			name = Categories;
			path = LevelSearchTests;
			sourceTree = "<group>";
		};
		520F333318FC890000932E4B /* Test Data */ = {
			isa = PBXGroup;
			children = (
				520952B918FF74510040D3E6 /* adjectives.json */,
				520F333418FC890700932E4B /* testNames.json */,
				520F333618FC890D00932E4B /* TestDataManager.h */,
				520F333718FC890D00932E4B /* TestDataManager.m */,
				520F333918FC891700932E4B /* testAvatar.png */,
			);
			name = "Test Data";
			path = LevelSearchTests;
			sourceTree = "<group>";
		};
		520F333C18FC895700932E4B /* Tests */ = {
			isa = PBXGroup;
			children = (
				520F333D18FC8E7800932E4B /* LevelSearchSetupTests.m */,
				520F333F18FC90E900932E4B /* LevelSearchContextWatchingTests.m */,
				52C21E22190017C90041CC87 /* LevelSearchQueryTests.m */,
				52A45F7E19004AA000B70C01 /* LevelSearchIndexingTests.m */,
			);
			name = Tests;
			sourceTree = "<group>";
		};
		520F334118FC916F00932E4B /* Factories */ = {
			isa = PBXGroup;
			children = (
				520F332D18FC88F400932E4B /* Person+PersonFactory.h */,
				520F332E18FC88F400932E4B /* Person+PersonFactory.m */,
			);
			name = Factories;
			sourceTree = "<group>";
		};
		521411E618FC870100837228 = {
			isa = PBXGroup;
			children = (
				528A5B5B18FCC7070006676A /* Shared */,
				521411FA18FC873200837228 /* LevelSearchTests */,
				3C81FB3EBB3646EDAEF121CE /* Frameworks */,
				520F331B18FC881300932E4B /* Vendor */,
				521411F218FC873200837228 /* Products */,
				4BCC41BBC62240BCA57FBB5F /* Pods-LevelSearchTests.xcconfig */,
				1DB9B7E924604AD38E5778BC /* Pods-LevelSearchTestApp.xcconfig */,
			);
			sourceTree = "<group>";
		};
		521411F218FC873200837228 /* Products */ = {
			isa = PBXGroup;
			children = (
				521411F118FC873200837228 /* LevelSearchTests.xctest */,
			);
			name = Products;
			sourceTree = "<group>";
		};
		521411FA18FC873200837228 /* LevelSearchTests */ = {
			isa = PBXGroup;
			children = (
				52C21E24190017EA0041CC87 /* Categories */,
				520F333C18FC895700932E4B /* Tests */,
				521411FB18FC873200837228 /* Supporting Files */,
			);
			path = LevelSearchTests;
			sourceTree = "<group>";
		};
		521411FB18FC873200837228 /* Supporting Files */ = {
			isa = PBXGroup;
			children = (
				520F332118FC887C00932E4B /* en.lproj */,
				5214120B18FC875C00837228 /* LevelSearchTests-Info.plist */,
				5214120C18FC875C00837228 /* LevelSearchTests-Prefix.pch */,
			);
			name = "Supporting Files";
			sourceTree = "<group>";
		};
		528A5B5B18FCC7070006676A /* Shared */ = {
			isa = PBXGroup;
			children = (
				520F332C18FC88EB00932E4B /* Categories */,
				520F333318FC890000932E4B /* Test Data */,
				520F332518FC88DD00932E4B /* Models */,
			);
			name = Shared;
			sourceTree = "<group>";
		};
		52C21E24190017EA0041CC87 /* Categories */ = {
			isa = PBXGroup;
			children = (
				52C21E25190018220041CC87 /* XCTestCase+TestSetup.h */,
				52C21E26190018220041CC87 /* XCTestCase+TestSetup.m */,
			);
			name = Categories;
			sourceTree = "<group>";
		};
/* End PBXGroup section */

/* Begin PBXNativeTarget section */
		521411F018FC873200837228 /* LevelSearchTests */ = {
			isa = PBXNativeTarget;
			buildConfigurationList = 5214120518FC873200837228 /* Build configuration list for PBXNativeTarget "LevelSearchTests" */;
			buildPhases = (
				055276E356D64312AA1DA8EA /* Check Pods Manifest.lock */,
				521411ED18FC873200837228 /* Sources */,
				521411EE18FC873200837228 /* Frameworks */,
				521411EF18FC873200837228 /* Resources */,
				2D74D1D9035648D882A691FF /* Copy Pods Resources */,
			);
			buildRules = (
			);
			dependencies = (
			);
			name = LevelSearchTests;
			productName = LevelSearchTests;
			productReference = 521411F118FC873200837228 /* LevelSearchTests.xctest */;
			productType = "com.apple.product-type.bundle.unit-test";
		};
/* End PBXNativeTarget section */

/* Begin PBXProject section */
		521411E718FC870100837228 /* Project object */ = {
			isa = PBXProject;
			attributes = {
				LastUpgradeCheck = 0510;
			};
			buildConfigurationList = 521411EA18FC870100837228 /* Build configuration list for PBXProject "LevelSearchTests" */;
			compatibilityVersion = "Xcode 3.2";
			developmentRegion = English;
			hasScannedForEncodings = 0;
			knownRegions = (
				en,
			);
			mainGroup = 521411E618FC870100837228;
			productRefGroup = 521411F218FC873200837228 /* Products */;
			projectDirPath = "";
			projectRoot = "";
			targets = (
				521411F018FC873200837228 /* LevelSearchTests */,
			);
		};
/* End PBXProject section */

/* Begin PBXResourcesBuildPhase section */
		521411EF18FC873200837228 /* Resources */ = {
			isa = PBXResourcesBuildPhase;
			buildActionMask = 2147483647;
			files = (
				520F333518FC890700932E4B /* testNames.json in Resources */,
				52A45F8419004D8400B70C01 /* adjectives.json in Resources */,
				520F333A18FC891700932E4B /* testAvatar.png in Resources */,
				520F332418FC887C00932E4B /* InfoPlist.strings in Resources */,
			);
			runOnlyForDeploymentPostprocessing = 0;
		};
/* End PBXResourcesBuildPhase section */

/* Begin PBXShellScriptBuildPhase section */
		055276E356D64312AA1DA8EA /* Check Pods Manifest.lock */ = {
			isa = PBXShellScriptBuildPhase;
			buildActionMask = 2147483647;
			files = (
			);
			inputPaths = (
			);
			name = "Check Pods Manifest.lock";
			outputPaths = (
			);
			runOnlyForDeploymentPostprocessing = 0;
			shellPath = /bin/sh;
			shellScript = "diff \"${PODS_ROOT}/../Podfile.lock\" \"${PODS_ROOT}/Manifest.lock\" > /dev/null\nif [[ $? != 0 ]] ; then\n    cat << EOM\nerror: The sandbox is not in sync with the Podfile.lock. Run 'pod install' or update your CocoaPods installation.\nEOM\n    exit 1\nfi\n";
			showEnvVarsInLog = 0;
		};
		2D74D1D9035648D882A691FF /* Copy Pods Resources */ = {
			isa = PBXShellScriptBuildPhase;
			buildActionMask = 2147483647;
			files = (
			);
			inputPaths = (
			);
			name = "Copy Pods Resources";
			outputPaths = (
			);
			runOnlyForDeploymentPostprocessing = 0;
			shellPath = /bin/sh;
			shellScript = "\"${SRCROOT}/../Pods/Pods-LevelSearchTests-resources.sh\"\n";
			showEnvVarsInLog = 0;
		};
/* End PBXShellScriptBuildPhase section */

/* Begin PBXSourcesBuildPhase section */
		521411ED18FC873200837228 /* Sources */ = {
			isa = PBXSourcesBuildPhase;
			buildActionMask = 2147483647;
			files = (
				52C21E27190018220041CC87 /* XCTestCase+TestSetup.m in Sources */,
				520F332A18FC88E700932E4B /* LevelSearchTests.xcdatamodeld in Sources */,
				520F333818FC890D00932E4B /* TestDataManager.m in Sources */,
				520F334018FC90E900932E4B /* LevelSearchContextWatchingTests.m in Sources */,
				520F332F18FC88F400932E4B /* Person+PersonFactory.m in Sources */,
				520F333E18FC8E7800932E4B /* LevelSearchSetupTests.m in Sources */,
				520F332B18FC88E700932E4B /* Person.m in Sources */,
				52A45F7F19004AA000B70C01 /* LevelSearchIndexingTests.m in Sources */,
				520F332018FC882400932E4B /* LSIndex.m in Sources */,
				520F333218FC88FD00932E4B /* UIImage+TestColorImages.m in Sources */,
				52C21E23190017C90041CC87 /* LevelSearchQueryTests.m in Sources */,
			);
			runOnlyForDeploymentPostprocessing = 0;
		};
/* End PBXSourcesBuildPhase section */

/* Begin PBXVariantGroup section */
		520F332218FC887C00932E4B /* InfoPlist.strings */ = {
			isa = PBXVariantGroup;
			children = (
				520F332318FC887C00932E4B /* en */,
			);
			name = InfoPlist.strings;
			sourceTree = "<group>";
		};
/* End PBXVariantGroup section */

/* Begin XCBuildConfiguration section */
		521411EB18FC870100837228 /* Debug */ = {
			isa = XCBuildConfiguration;
			buildSettings = {
				ALWAYS_SEARCH_USER_PATHS = NO;
				COPY_PHASE_STRIP = NO;
				GCC_OPTIMIZATION_LEVEL = 0;
				ONLY_ACTIVE_ARCH = YES;
				SDKROOT = iphoneos;
			};
			name = Debug;
		};
		521411EC18FC870100837228 /* Release */ = {
			isa = XCBuildConfiguration;
			buildSettings = {
				ALWAYS_SEARCH_USER_PATHS = NO;
				SDKROOT = iphoneos;
				VALIDATE_PRODUCT = YES;
			};
			name = Release;
		};
		5214120318FC873200837228 /* Debug */ = {
			isa = XCBuildConfiguration;
			baseConfigurationReference = 4BCC41BBC62240BCA57FBB5F /* Pods-LevelSearchTests.xcconfig */;
			buildSettings = {
				ALWAYS_SEARCH_USER_PATHS = NO;
				CLANG_CXX_LANGUAGE_STANDARD = "gnu++0x";
				CLANG_CXX_LIBRARY = "libc++";
				CLANG_ENABLE_MODULES = YES;
				CLANG_ENABLE_OBJC_ARC = YES;
				CLANG_WARN_BOOL_CONVERSION = YES;
				CLANG_WARN_CONSTANT_CONVERSION = YES;
				CLANG_WARN_DIRECT_OBJC_ISA_USAGE = YES_ERROR;
				CLANG_WARN_EMPTY_BODY = YES;
				CLANG_WARN_ENUM_CONVERSION = YES;
				CLANG_WARN_INT_CONVERSION = YES;
				CLANG_WARN_OBJC_ROOT_CLASS = YES_ERROR;
				CLANG_WARN__DUPLICATE_METHOD_MATCH = YES;
				COPY_PHASE_STRIP = NO;
				FRAMEWORK_SEARCH_PATHS = (
					"$(SDKROOT)/Developer/Library/Frameworks",
					"$(inherited)",
					"$(DEVELOPER_FRAMEWORKS_DIR)",
				);
				GCC_C_LANGUAGE_STANDARD = gnu99;
				GCC_DYNAMIC_NO_PIC = NO;
				GCC_OPTIMIZATION_LEVEL = 0;
				GCC_PRECOMPILE_PREFIX_HEADER = YES;
				GCC_PREFIX_HEADER = "LevelSearchTests/LevelSearchTests-Prefix.pch";
				GCC_PREPROCESSOR_DEFINITIONS = (
					"DEBUG=1",
					"$(inherited)",
				);
				GCC_SYMBOLS_PRIVATE_EXTERN = NO;
				GCC_WARN_64_TO_32_BIT_CONVERSION = YES;
				GCC_WARN_ABOUT_RETURN_TYPE = YES_ERROR;
				GCC_WARN_UNDECLARED_SELECTOR = YES;
				GCC_WARN_UNINITIALIZED_AUTOS = YES_AGGRESSIVE;
				GCC_WARN_UNUSED_FUNCTION = YES;
				GCC_WARN_UNUSED_VARIABLE = YES;
				INFOPLIST_FILE = "LevelSearchTests/LevelSearchTests-Info.plist";
				IPHONEOS_DEPLOYMENT_TARGET = 7.1;
				ONLY_ACTIVE_ARCH = YES;
				OTHER_LDFLAGS = (
					"-ObjC",
					"-lc++",
					"-framework",
					CoreData,
					"-framework",
					XCTest,
				);
				PRODUCT_NAME = "$(TARGET_NAME)";
				SDKROOT = iphoneos;
				WRAPPER_EXTENSION = xctest;
			};
			name = Debug;
		};
		5214120418FC873200837228 /* Release */ = {
			isa = XCBuildConfiguration;
			baseConfigurationReference = 4BCC41BBC62240BCA57FBB5F /* Pods-LevelSearchTests.xcconfig */;
			buildSettings = {
				ALWAYS_SEARCH_USER_PATHS = NO;
				CLANG_CXX_LANGUAGE_STANDARD = "gnu++0x";
				CLANG_CXX_LIBRARY = "libc++";
				CLANG_ENABLE_MODULES = YES;
				CLANG_ENABLE_OBJC_ARC = YES;
				CLANG_WARN_BOOL_CONVERSION = YES;
				CLANG_WARN_CONSTANT_CONVERSION = YES;
				CLANG_WARN_DIRECT_OBJC_ISA_USAGE = YES_ERROR;
				CLANG_WARN_EMPTY_BODY = YES;
				CLANG_WARN_ENUM_CONVERSION = YES;
				CLANG_WARN_INT_CONVERSION = YES;
				CLANG_WARN_OBJC_ROOT_CLASS = YES_ERROR;
				CLANG_WARN__DUPLICATE_METHOD_MATCH = YES;
				COPY_PHASE_STRIP = YES;
				ENABLE_NS_ASSERTIONS = NO;
				FRAMEWORK_SEARCH_PATHS = (
					"$(SDKROOT)/Developer/Library/Frameworks",
					"$(inherited)",
					"$(DEVELOPER_FRAMEWORKS_DIR)",
				);
				GCC_C_LANGUAGE_STANDARD = gnu99;
				GCC_PRECOMPILE_PREFIX_HEADER = YES;
				GCC_PREFIX_HEADER = "LevelSearchTests/LevelSearchTests-Prefix.pch";
				GCC_PREPROCESSOR_DEFINITIONS = (
					"$(inherited)",
					"COCOAPODS=1",
					"LEVELDB_PLATFORM_POSIX=1",
					"OS_MACOSX=1",
				);
				GCC_WARN_64_TO_32_BIT_CONVERSION = YES;
				GCC_WARN_ABOUT_RETURN_TYPE = YES_ERROR;
				GCC_WARN_UNDECLARED_SELECTOR = YES;
				GCC_WARN_UNINITIALIZED_AUTOS = YES_AGGRESSIVE;
				GCC_WARN_UNUSED_FUNCTION = YES;
				GCC_WARN_UNUSED_VARIABLE = YES;
				INFOPLIST_FILE = "LevelSearchTests/LevelSearchTests-Info.plist";
				IPHONEOS_DEPLOYMENT_TARGET = 7.1;
				OTHER_LDFLAGS = (
					"-ObjC",
					"-lc++",
					"-framework",
					CoreData,
					"-framework",
					XCTest,
				);
				PRODUCT_NAME = "$(TARGET_NAME)";
				SDKROOT = iphoneos;
				VALIDATE_PRODUCT = YES;
				WRAPPER_EXTENSION = xctest;
			};
			name = Release;
		};
/* End XCBuildConfiguration section */

/* Begin XCConfigurationList section */
		521411EA18FC870100837228 /* Build configuration list for PBXProject "LevelSearchTests" */ = {
			isa = XCConfigurationList;
			buildConfigurations = (
				521411EB18FC870100837228 /* Debug */,
				521411EC18FC870100837228 /* Release */,
			);
			defaultConfigurationIsVisible = 0;
			defaultConfigurationName = Release;
		};
		5214120518FC873200837228 /* Build configuration list for PBXNativeTarget "LevelSearchTests" */ = {
			isa = XCConfigurationList;
			buildConfigurations = (
				5214120318FC873200837228 /* Debug */,
				5214120418FC873200837228 /* Release */,
			);
			defaultConfigurationIsVisible = 0;
			defaultConfigurationName = Release;
		};
/* End XCConfigurationList section */

/* Begin XCVersionGroup section */
		520F332618FC88E700932E4B /* LevelSearchTests.xcdatamodeld */ = {
			isa = XCVersionGroup;
			children = (
				520F332718FC88E700932E4B /* LevelSearchTests.xcdatamodel */,
			);
			currentVersion = 520F332718FC88E700932E4B /* LevelSearchTests.xcdatamodel */;
			path = LevelSearchTests.xcdatamodeld;
			sourceTree = "<group>";
			versionGroupType = wrapper.xcdatamodel;
		};
/* End XCVersionGroup section */
	};
	rootObject = 521411E718FC870100837228 /* Project object */;
}
