// !$*UTF8*$!
{
	archiveVersion = 1;
	classes = {
	};
	objectVersion = 46;
	objects = {

/* Begin PBXBuildFile section */
		5229CA9F19060208005F6482 /* LSMainViewController.m in Sources */ = {isa = PBXBuildFile; fileRef = 5229CA9E19060208005F6482 /* LSMainViewController.m */; };
		5229CAAF19060239005F6482 /* main.m in Sources */ = {isa = PBXBuildFile; fileRef = 5229CAAB19060239005F6482 /* main.m */; };
		5229CAB21906026C005F6482 /* LSAppDelegate.m in Sources */ = {isa = PBXBuildFile; fileRef = 5229CAB11906026C005F6482 /* LSAppDelegate.m */; };
		5229CAB519060279005F6482 /* LSTestManager.m in Sources */ = {isa = PBXBuildFile; fileRef = 5229CAB419060279005F6482 /* LSTestManager.m */; };
		5229CABA19060283005F6482 /* LSStopwatch.m in Sources */ = {isa = PBXBuildFile; fileRef = 5229CAB719060283005F6482 /* LSStopwatch.m */; };
		5229CABB19060283005F6482 /* LSUtilityFunctions.m in Sources */ = {isa = PBXBuildFile; fileRef = 5229CAB919060283005F6482 /* LSUtilityFunctions.m */; };
		5229CABE1906028D005F6482 /* LSFTS4Manager.m in Sources */ = {isa = PBXBuildFile; fileRef = 5229CABD1906028D005F6482 /* LSFTS4Manager.m */; };
		5229CAC319060297005F6482 /* Book.m in Sources */ = {isa = PBXBuildFile; fileRef = 5229CAC019060297005F6482 /* Book.m */; };
		5229CAC419060297005F6482 /* Song.m in Sources */ = {isa = PBXBuildFile; fileRef = 5229CAC219060297005F6482 /* Song.m */; };
		5229CAC9190602A7005F6482 /* Book+Factory.m in Sources */ = {isa = PBXBuildFile; fileRef = 5229CAC6190602A7005F6482 /* Book+Factory.m */; };
		5229CACA190602A7005F6482 /* Song+Factory.m in Sources */ = {isa = PBXBuildFile; fileRef = 5229CAC8190602A7005F6482 /* Song+Factory.m */; };
		5229CACD190602B6005F6482 /* songs in Resources */ = {isa = PBXBuildFile; fileRef = 5229CACB190602B6005F6482 /* songs */; };
		5229CACE190602B6005F6482 /* stopwords.json in Resources */ = {isa = PBXBuildFile; fileRef = 5229CACC190602B6005F6482 /* stopwords.json */; };
		5229CAD4190602C8005F6482 /* aliceinwonderland.txt in Resources */ = {isa = PBXBuildFile; fileRef = 5229CACF190602C8005F6482 /* aliceinwonderland.txt */; };
		5229CAD5190602C8005F6482 /* candide.txt in Resources */ = {isa = PBXBuildFile; fileRef = 5229CAD0190602C8005F6482 /* candide.txt */; };
		5229CAD6190602C8005F6482 /* divinecomedy.txt in Resources */ = {isa = PBXBuildFile; fileRef = 5229CAD1190602C8005F6482 /* divinecomedy.txt */; };
		5229CAD7190602C8005F6482 /* huckfinn.txt in Resources */ = {isa = PBXBuildFile; fileRef = 5229CAD2190602C8005F6482 /* huckfinn.txt */; };
		5229CAD8190602C8005F6482 /* prideandprej.txt in Resources */ = {isa = PBXBuildFile; fileRef = 5229CAD3190602C8005F6482 /* prideandprej.txt */; };
		524E71AB1901CE1F009D0D98 /* Cocoa.framework in Frameworks */ = {isa = PBXBuildFile; fileRef = 524E71AA1901CE1F009D0D98 /* Cocoa.framework */; };
		524E71FB1901D0BE009D0D98 /* adjectives.json in Resources */ = {isa = PBXBuildFile; fileRef = 524E71F61901D0BE009D0D98 /* adjectives.json */; };
		524E71FC1901D0BE009D0D98 /* testNames.json in Resources */ = {isa = PBXBuildFile; fileRef = 524E71F71901D0BE009D0D98 /* testNames.json */; };
		524E71FE1901D0BE009D0D98 /* testAvatar.png in Resources */ = {isa = PBXBuildFile; fileRef = 524E71FA1901D0BE009D0D98 /* testAvatar.png */; };
		524E71FF1901D108009D0D98 /* CoreData.framework in Frameworks */ = {isa = PBXBuildFile; fileRef = 524E71AE1901CE1F009D0D98 /* CoreData.framework */; };
		524E72011901D11C009D0D98 /* CoreServices.framework in Frameworks */ = {isa = PBXBuildFile; fileRef = 524E72001901D11C009D0D98 /* CoreServices.framework */; };
		525078CA190603C800BE55DE /* MainMenu.xib in Resources */ = {isa = PBXBuildFile; fileRef = 525078C8190603C800BE55DE /* MainMenu.xib */; };
		5274A0CA1906056C003FFFD4 /* LSIndex.m in Sources */ = {isa = PBXBuildFile; fileRef = 5274A0C91906056C003FFFD4 /* LSIndex.m */; };
		EF37AB7849604C9097082C49 /* libPods-benchmarking.a in Frameworks */ = {isa = PBXBuildFile; fileRef = 63C4A817529C4BA4A0CB9380 /* libPods-benchmarking.a */; };
/* End PBXBuildFile section */

/* Begin PBXFileReference section */
		5229CA9D19060208005F6482 /* LSMainViewController.h */ = {isa = PBXFileReference; fileEncoding = 4; lastKnownFileType = sourcecode.c.h; path = LSMainViewController.h; sourceTree = SOURCE_ROOT; };
		5229CA9E19060208005F6482 /* LSMainViewController.m */ = {isa = PBXFileReference; fileEncoding = 4; lastKnownFileType = sourcecode.c.objc; path = LSMainViewController.m; sourceTree = SOURCE_ROOT; };
		5229CAA019060219005F6482 /* LevelSearchBenchmarking-Info.plist */ = {isa = PBXFileReference; fileEncoding = 4; lastKnownFileType = text.plist.xml; path = "LevelSearchBenchmarking-Info.plist"; sourceTree = SOURCE_ROOT; };
		5229CAA119060219005F6482 /* LevelSearchBenchmarking-Prefix.pch */ = {isa = PBXFileReference; fileEncoding = 4; lastKnownFileType = sourcecode.c.h; path = "LevelSearchBenchmarking-Prefix.pch"; sourceTree = SOURCE_ROOT; };
		5229CAAB19060239005F6482 /* main.m */ = {isa = PBXFileReference; fileEncoding = 4; lastKnownFileType = sourcecode.c.objc; path = main.m; sourceTree = SOURCE_ROOT; };
		5229CAB01906026C005F6482 /* LSAppDelegate.h */ = {isa = PBXFileReference; fileEncoding = 4; lastKnownFileType = sourcecode.c.h; path = LSAppDelegate.h; sourceTree = SOURCE_ROOT; };
		5229CAB11906026C005F6482 /* LSAppDelegate.m */ = {isa = PBXFileReference; fileEncoding = 4; lastKnownFileType = sourcecode.c.objc; path = LSAppDelegate.m; sourceTree = SOURCE_ROOT; };
		5229CAB319060279005F6482 /* LSTestManager.h */ = {isa = PBXFileReference; fileEncoding = 4; lastKnownFileType = sourcecode.c.h; path = LSTestManager.h; sourceTree = SOURCE_ROOT; };
		5229CAB419060279005F6482 /* LSTestManager.m */ = {isa = PBXFileReference; fileEncoding = 4; lastKnownFileType = sourcecode.c.objc; path = LSTestManager.m; sourceTree = SOURCE_ROOT; };
		5229CAB619060283005F6482 /* LSStopwatch.h */ = {isa = PBXFileReference; fileEncoding = 4; lastKnownFileType = sourcecode.c.h; path = LSStopwatch.h; sourceTree = SOURCE_ROOT; };
		5229CAB719060283005F6482 /* LSStopwatch.m */ = {isa = PBXFileReference; fileEncoding = 4; lastKnownFileType = sourcecode.c.objc; path = LSStopwatch.m; sourceTree = SOURCE_ROOT; };
		5229CAB819060283005F6482 /* LSUtilityFunctions.h */ = {isa = PBXFileReference; fileEncoding = 4; lastKnownFileType = sourcecode.c.h; path = LSUtilityFunctions.h; sourceTree = SOURCE_ROOT; };
		5229CAB919060283005F6482 /* LSUtilityFunctions.m */ = {isa = PBXFileReference; fileEncoding = 4; lastKnownFileType = sourcecode.c.objc; path = LSUtilityFunctions.m; sourceTree = SOURCE_ROOT; };
		5229CABC1906028D005F6482 /* LSFTS4Manager.h */ = {isa = PBXFileReference; fileEncoding = 4; lastKnownFileType = sourcecode.c.h; path = LSFTS4Manager.h; sourceTree = SOURCE_ROOT; };
		5229CABD1906028D005F6482 /* LSFTS4Manager.m */ = {isa = PBXFileReference; fileEncoding = 4; lastKnownFileType = sourcecode.c.objc; path = LSFTS4Manager.m; sourceTree = SOURCE_ROOT; };
		5229CABF19060297005F6482 /* Book.h */ = {isa = PBXFileReference; fileEncoding = 4; lastKnownFileType = sourcecode.c.h; path = Book.h; sourceTree = SOURCE_ROOT; };
		5229CAC019060297005F6482 /* Book.m */ = {isa = PBXFileReference; fileEncoding = 4; lastKnownFileType = sourcecode.c.objc; path = Book.m; sourceTree = SOURCE_ROOT; };
		5229CAC119060297005F6482 /* Song.h */ = {isa = PBXFileReference; fileEncoding = 4; lastKnownFileType = sourcecode.c.h; path = Song.h; sourceTree = SOURCE_ROOT; };
		5229CAC219060297005F6482 /* Song.m */ = {isa = PBXFileReference; fileEncoding = 4; lastKnownFileType = sourcecode.c.objc; path = Song.m; sourceTree = SOURCE_ROOT; };
		5229CAC5190602A7005F6482 /* Book+Factory.h */ = {isa = PBXFileReference; fileEncoding = 4; lastKnownFileType = sourcecode.c.h; path = "Book+Factory.h"; sourceTree = SOURCE_ROOT; };
		5229CAC6190602A7005F6482 /* Book+Factory.m */ = {isa = PBXFileReference; fileEncoding = 4; lastKnownFileType = sourcecode.c.objc; path = "Book+Factory.m"; sourceTree = SOURCE_ROOT; };
		5229CAC7190602A7005F6482 /* Song+Factory.h */ = {isa = PBXFileReference; fileEncoding = 4; lastKnownFileType = sourcecode.c.h; path = "Song+Factory.h"; sourceTree = SOURCE_ROOT; };
		5229CAC8190602A7005F6482 /* Song+Factory.m */ = {isa = PBXFileReference; fileEncoding = 4; lastKnownFileType = sourcecode.c.objc; path = "Song+Factory.m"; sourceTree = SOURCE_ROOT; };
		5229CACB190602B6005F6482 /* songs */ = {isa = PBXFileReference; lastKnownFileType = file; path = songs; sourceTree = SOURCE_ROOT; };
		5229CACC190602B6005F6482 /* stopwords.json */ = {isa = PBXFileReference; fileEncoding = 4; lastKnownFileType = text.json; path = stopwords.json; sourceTree = SOURCE_ROOT; };
		5229CACF190602C8005F6482 /* aliceinwonderland.txt */ = {isa = PBXFileReference; fileEncoding = 4; lastKnownFileType = text; path = aliceinwonderland.txt; sourceTree = SOURCE_ROOT; };
		5229CAD0190602C8005F6482 /* candide.txt */ = {isa = PBXFileReference; fileEncoding = 4; lastKnownFileType = text; path = candide.txt; sourceTree = SOURCE_ROOT; };
		5229CAD1190602C8005F6482 /* divinecomedy.txt */ = {isa = PBXFileReference; fileEncoding = 4; lastKnownFileType = text; path = divinecomedy.txt; sourceTree = SOURCE_ROOT; };
		5229CAD2190602C8005F6482 /* huckfinn.txt */ = {isa = PBXFileReference; fileEncoding = 4; lastKnownFileType = text; path = huckfinn.txt; sourceTree = SOURCE_ROOT; };
		5229CAD3190602C8005F6482 /* prideandprej.txt */ = {isa = PBXFileReference; fileEncoding = 4; lastKnownFileType = text; path = prideandprej.txt; sourceTree = SOURCE_ROOT; };
		524E71A71901CE1F009D0D98 /* benchmarking.app */ = {isa = PBXFileReference; explicitFileType = wrapper.application; includeInIndex = 0; path = benchmarking.app; sourceTree = BUILT_PRODUCTS_DIR; };
		524E71AA1901CE1F009D0D98 /* Cocoa.framework */ = {isa = PBXFileReference; lastKnownFileType = wrapper.framework; name = Cocoa.framework; path = System/Library/Frameworks/Cocoa.framework; sourceTree = SDKROOT; };
		524E71AD1901CE1F009D0D98 /* AppKit.framework */ = {isa = PBXFileReference; lastKnownFileType = wrapper.framework; name = AppKit.framework; path = System/Library/Frameworks/AppKit.framework; sourceTree = SDKROOT; };
		524E71AE1901CE1F009D0D98 /* CoreData.framework */ = {isa = PBXFileReference; lastKnownFileType = wrapper.framework; name = CoreData.framework; path = System/Library/Frameworks/CoreData.framework; sourceTree = SDKROOT; };
		524E71AF1901CE1F009D0D98 /* Foundation.framework */ = {isa = PBXFileReference; lastKnownFileType = wrapper.framework; name = Foundation.framework; path = System/Library/Frameworks/Foundation.framework; sourceTree = SDKROOT; };
		524E71C91901CE1F009D0D98 /* XCTest.framework */ = {isa = PBXFileReference; lastKnownFileType = wrapper.framework; name = XCTest.framework; path = Library/Frameworks/XCTest.framework; sourceTree = DEVELOPER_DIR; };
		524E71F61901D0BE009D0D98 /* adjectives.json */ = {isa = PBXFileReference; fileEncoding = 4; lastKnownFileType = text.json; name = adjectives.json; path = ../../Tests/LevelSearchTests/adjectives.json; sourceTree = "<group>"; };
		524E71F71901D0BE009D0D98 /* testNames.json */ = {isa = PBXFileReference; fileEncoding = 4; lastKnownFileType = text.json; name = testNames.json; path = ../../Tests/LevelSearchTests/testNames.json; sourceTree = "<group>"; };
		524E71F81901D0BE009D0D98 /* TestDataManager.h */ = {isa = PBXFileReference; fileEncoding = 4; lastKnownFileType = sourcecode.c.h; name = TestDataManager.h; path = ../../Tests/LevelSearchTests/TestDataManager.h; sourceTree = "<group>"; };
		524E71F91901D0BE009D0D98 /* TestDataManager.m */ = {isa = PBXFileReference; fileEncoding = 4; lastKnownFileType = sourcecode.c.objc; name = TestDataManager.m; path = ../../Tests/LevelSearchTests/TestDataManager.m; sourceTree = "<group>"; };
		524E71FA1901D0BE009D0D98 /* testAvatar.png */ = {isa = PBXFileReference; lastKnownFileType = image.png; name = testAvatar.png; path = ../../Tests/LevelSearchTests/testAvatar.png; sourceTree = "<group>"; };
		524E72001901D11C009D0D98 /* CoreServices.framework */ = {isa = PBXFileReference; lastKnownFileType = wrapper.framework; name = CoreServices.framework; path = System/Library/Frameworks/CoreServices.framework; sourceTree = SDKROOT; };
		524E72161901F0F8009D0D98 /* LevelSearchBenchmarkingModel.xcdatamodel */ = {isa = PBXFileReference; lastKnownFileType = wrapper.xcdatamodel; path = LevelSearchBenchmarkingModel.xcdatamodel; sourceTree = "<group>"; };
		525078C9190603C800BE55DE /* Base */ = {isa = PBXFileReference; lastKnownFileType = file.xib; name = Base; path = Base.lproj/MainMenu.xib; sourceTree = SOURCE_ROOT; };
		5274A0C71906056C003FFFD4 /* LevelSearch.h */ = {isa = PBXFileReference; fileEncoding = 4; lastKnownFileType = sourcecode.c.h; path = LevelSearch.h; sourceTree = SOURCE_ROOT; };
		5274A0C81906056C003FFFD4 /* LSIndex.h */ = {isa = PBXFileReference; fileEncoding = 4; lastKnownFileType = sourcecode.c.h; path = LSIndex.h; sourceTree = SOURCE_ROOT; };
		5274A0C91906056C003FFFD4 /* LSIndex.m */ = {isa = PBXFileReference; fileEncoding = 4; lastKnownFileType = sourcecode.c.objc; path = LSIndex.m; sourceTree = SOURCE_ROOT; };
		61275C3DA64948FF919FB8EF /* Pods-benchmarking.xcconfig */ = {isa = PBXFileReference; includeInIndex = 1; lastKnownFileType = text.xcconfig; name = "Pods-benchmarking.xcconfig"; path = "../Pods/Pods-benchmarking.xcconfig"; sourceTree = "<group>"; };
		63C4A817529C4BA4A0CB9380 /* libPods-benchmarking.a */ = {isa = PBXFileReference; explicitFileType = archive.ar; includeInIndex = 0; path = "libPods-benchmarking.a"; sourceTree = BUILT_PRODUCTS_DIR; };
/* End PBXFileReference section */

/* Begin PBXFrameworksBuildPhase section */
		524E71A41901CE1F009D0D98 /* Frameworks */ = {
			isa = PBXFrameworksBuildPhase;
			buildActionMask = 2147483647;
			files = (
				524E72011901D11C009D0D98 /* CoreServices.framework in Frameworks */,
				524E71FF1901D108009D0D98 /* CoreData.framework in Frameworks */,
				524E71AB1901CE1F009D0D98 /* Cocoa.framework in Frameworks */,
				EF37AB7849604C9097082C49 /* libPods-benchmarking.a in Frameworks */,
			);
			runOnlyForDeploymentPostprocessing = 0;
		};
/* End PBXFrameworksBuildPhase section */

/* Begin PBXGroup section */
		524E719E1901CE1F009D0D98 = {
			isa = PBXGroup;
			children = (
				524E71B01901CE1F009D0D98 /* Benchmarking */,
				524E71A91901CE1F009D0D98 /* Frameworks */,
				524E71A81901CE1F009D0D98 /* Products */,
				61275C3DA64948FF919FB8EF /* Pods-benchmarking.xcconfig */,
			);
			sourceTree = "<group>";
		};
		524E71A81901CE1F009D0D98 /* Products */ = {
			isa = PBXGroup;
			children = (
				524E71A71901CE1F009D0D98 /* benchmarking.app */,
			);
			name = Products;
			sourceTree = "<group>";
		};
		524E71A91901CE1F009D0D98 /* Frameworks */ = {
			isa = PBXGroup;
			children = (
				524E72001901D11C009D0D98 /* CoreServices.framework */,
				524E71AA1901CE1F009D0D98 /* Cocoa.framework */,
				524E71C91901CE1F009D0D98 /* XCTest.framework */,
				524E71AC1901CE1F009D0D98 /* Other Frameworks */,
				63C4A817529C4BA4A0CB9380 /* libPods-benchmarking.a */,
			);
			name = Frameworks;
			sourceTree = "<group>";
		};
		524E71AC1901CE1F009D0D98 /* Other Frameworks */ = {
			isa = PBXGroup;
			children = (
				524E71AD1901CE1F009D0D98 /* AppKit.framework */,
				524E71AE1901CE1F009D0D98 /* CoreData.framework */,
				524E71AF1901CE1F009D0D98 /* Foundation.framework */,
			);
			name = "Other Frameworks";
			sourceTree = "<group>";
		};
		524E71B01901CE1F009D0D98 /* Benchmarking */ = {
			isa = PBXGroup;
			children = (
				52C10F351904F278009ED2A2 /* View Controllers */,
				524E71F51901D0B2009D0D98 /* Test Data */,
				524E71E91901D07A009D0D98 /* Models */,
				524E71E51901D00B009D0D98 /* Classes */,
				524E71DE1901CFD3009D0D98 /* Categories */,
				5229CAB01906026C005F6482 /* LSAppDelegate.h */,
				5229CAB11906026C005F6482 /* LSAppDelegate.m */,
				525078C8190603C800BE55DE /* MainMenu.xib */,
				524E71B11901CE1F009D0D98 /* Supporting Files */,
			);
			name = Benchmarking;
			path = LevelSearchBenchmarking;
			sourceTree = "<group>";
		};
		524E71B11901CE1F009D0D98 /* Supporting Files */ = {
			isa = PBXGroup;
			children = (
				5274A0C71906056C003FFFD4 /* LevelSearch.h */,
				5274A0C81906056C003FFFD4 /* LSIndex.h */,
				5274A0C91906056C003FFFD4 /* LSIndex.m */,
				5229CAAB19060239005F6482 /* main.m */,
				5229CAA019060219005F6482 /* LevelSearchBenchmarking-Info.plist */,
				5229CAA119060219005F6482 /* LevelSearchBenchmarking-Prefix.pch */,
			);
			name = "Supporting Files";
			sourceTree = "<group>";
		};
		524E71DE1901CFD3009D0D98 /* Categories */ = {
			isa = PBXGroup;
			children = (
			);
			name = Categories;
			sourceTree = "<group>";
		};
		524E71E51901D00B009D0D98 /* Classes */ = {
			isa = PBXGroup;
			children = (
				524E72091901DFC6009D0D98 /* FTS4 */,
				524E72021901D24B009D0D98 /* Utilities */,
				5229CAB319060279005F6482 /* LSTestManager.h */,
				5229CAB419060279005F6482 /* LSTestManager.m */,
			);
			name = Classes;
			sourceTree = "<group>";
		};
		524E71E91901D07A009D0D98 /* Models */ = {
			isa = PBXGroup;
			children = (
				524E71F01901D099009D0D98 /* Factories */,
				524E72151901F0F8009D0D98 /* LevelSearchBenchmarkingModel.xcdatamodeld */,
				5229CABF19060297005F6482 /* Book.h */,
				5229CAC019060297005F6482 /* Book.m */,
				5229CAC119060297005F6482 /* Song.h */,
				5229CAC219060297005F6482 /* Song.m */,
			);
			name = Models;
			sourceTree = "<group>";
		};
		524E71F01901D099009D0D98 /* Factories */ = {
			isa = PBXGroup;
			children = (
				5229CAC5190602A7005F6482 /* Book+Factory.h */,
				5229CAC6190602A7005F6482 /* Book+Factory.m */,
				5229CAC7190602A7005F6482 /* Song+Factory.h */,
				5229CAC8190602A7005F6482 /* Song+Factory.m */,
			);
			name = Factories;
			sourceTree = "<group>";
		};
		524E71F51901D0B2009D0D98 /* Test Data */ = {
			isa = PBXGroup;
			children = (
				52C10F4C19052A46009ED2A2 /* Books */,
				5229CACB190602B6005F6482 /* songs */,
				5229CACC190602B6005F6482 /* stopwords.json */,
				524E71F61901D0BE009D0D98 /* adjectives.json */,
				524E71F71901D0BE009D0D98 /* testNames.json */,
				524E71F81901D0BE009D0D98 /* TestDataManager.h */,
				524E71F91901D0BE009D0D98 /* TestDataManager.m */,
				524E71FA1901D0BE009D0D98 /* testAvatar.png */,
			);
			name = "Test Data";
			sourceTree = "<group>";
		};
		524E72021901D24B009D0D98 /* Utilities */ = {
			isa = PBXGroup;
			children = (
				5229CAB619060283005F6482 /* LSStopwatch.h */,
				5229CAB719060283005F6482 /* LSStopwatch.m */,
				5229CAB819060283005F6482 /* LSUtilityFunctions.h */,
				5229CAB919060283005F6482 /* LSUtilityFunctions.m */,
			);
			name = Utilities;
			sourceTree = "<group>";
		};
		524E72091901DFC6009D0D98 /* FTS4 */ = {
			isa = PBXGroup;
			children = (
				5229CABC1906028D005F6482 /* LSFTS4Manager.h */,
				5229CABD1906028D005F6482 /* LSFTS4Manager.m */,
			);
			name = FTS4;
			sourceTree = "<group>";
		};
		52C10F351904F278009ED2A2 /* View Controllers */ = {
			isa = PBXGroup;
			children = (
				5229CA9D19060208005F6482 /* LSMainViewController.h */,
				5229CA9E19060208005F6482 /* LSMainViewController.m */,
			);
			name = "View Controllers";
			sourceTree = "<group>";
		};
		52C10F4C19052A46009ED2A2 /* Books */ = {
			isa = PBXGroup;
			children = (
				5229CACF190602C8005F6482 /* aliceinwonderland.txt */,
				5229CAD0190602C8005F6482 /* candide.txt */,
				5229CAD1190602C8005F6482 /* divinecomedy.txt */,
				5229CAD2190602C8005F6482 /* huckfinn.txt */,
				5229CAD3190602C8005F6482 /* prideandprej.txt */,
			);
			name = Books;
			sourceTree = "<group>";
		};
/* End PBXGroup section */

/* Begin PBXNativeTarget section */
		524E71A61901CE1F009D0D98 /* benchmarking */ = {
			isa = PBXNativeTarget;
			buildConfigurationList = 524E71D81901CE1F009D0D98 /* Build configuration list for PBXNativeTarget "benchmarking" */;
			buildPhases = (
				C6DAA053C0254465B3674C4C /* Check Pods Manifest.lock */,
				524E71A31901CE1F009D0D98 /* Sources */,
				524E71A41901CE1F009D0D98 /* Frameworks */,
				524E71A51901CE1F009D0D98 /* Resources */,
				3817430ED8D24857A879BEFD /* Copy Pods Resources */,
			);
			buildRules = (
			);
			dependencies = (
			);
			name = benchmarking;
			productName = LevelSearchBenchmarking;
			productReference = 524E71A71901CE1F009D0D98 /* benchmarking.app */;
			productType = "com.apple.product-type.application";
		};
/* End PBXNativeTarget section */

/* Begin PBXProject section */
		524E719F1901CE1F009D0D98 /* Project object */ = {
			isa = PBXProject;
			attributes = {
				CLASSPREFIX = LS;
				LastUpgradeCheck = 0510;
				ORGANIZATIONNAME = "Tiny Little Gears";
			};
			buildConfigurationList = 524E71A21901CE1F009D0D98 /* Build configuration list for PBXProject "LevelSearchBenchmarking" */;
			compatibilityVersion = "Xcode 3.2";
			developmentRegion = English;
			hasScannedForEncodings = 0;
			knownRegions = (
				en,
				Base,
			);
			mainGroup = 524E719E1901CE1F009D0D98;
			productRefGroup = 524E71A81901CE1F009D0D98 /* Products */;
			projectDirPath = "";
			projectRoot = "";
			targets = (
				524E71A61901CE1F009D0D98 /* benchmarking */,
			);
		};
/* End PBXProject section */

/* Begin PBXResourcesBuildPhase section */
		524E71A51901CE1F009D0D98 /* Resources */ = {
			isa = PBXResourcesBuildPhase;
			buildActionMask = 2147483647;
			files = (
				5229CAD7190602C8005F6482 /* huckfinn.txt in Resources */,
				5229CAD5190602C8005F6482 /* candide.txt in Resources */,
				5229CACD190602B6005F6482 /* songs in Resources */,
				5229CAD4190602C8005F6482 /* aliceinwonderland.txt in Resources */,
				524E71FE1901D0BE009D0D98 /* testAvatar.png in Resources */,
				5229CAD6190602C8005F6482 /* divinecomedy.txt in Resources */,
				5229CACE190602B6005F6482 /* stopwords.json in Resources */,
				5229CAD8190602C8005F6482 /* prideandprej.txt in Resources */,
				524E71FC1901D0BE009D0D98 /* testNames.json in Resources */,
				525078CA190603C800BE55DE /* MainMenu.xib in Resources */,
				524E71FB1901D0BE009D0D98 /* adjectives.json in Resources */,
			);
			runOnlyForDeploymentPostprocessing = 0;
		};
/* End PBXResourcesBuildPhase section */

/* Begin PBXShellScriptBuildPhase section */
		3817430ED8D24857A879BEFD /* Copy Pods Resources */ = {
			isa = PBXShellScriptBuildPhase;
			buildActionMask = 2147483647;
			files = (
			);
			inputPaths = (
			);
			name = "Copy Pods Resources";
			outputPaths = (
			);
			runOnlyForDeploymentPostprocessing = 0;
			shellPath = /bin/sh;
			shellScript = "\"${SRCROOT}/../Pods/Pods-benchmarking-resources.sh\"\n";
			showEnvVarsInLog = 0;
		};
		C6DAA053C0254465B3674C4C /* Check Pods Manifest.lock */ = {
			isa = PBXShellScriptBuildPhase;
			buildActionMask = 2147483647;
			files = (
			);
			inputPaths = (
			);
			name = "Check Pods Manifest.lock";
			outputPaths = (
			);
			runOnlyForDeploymentPostprocessing = 0;
			shellPath = /bin/sh;
			shellScript = "diff \"${PODS_ROOT}/../Podfile.lock\" \"${PODS_ROOT}/Manifest.lock\" > /dev/null\nif [[ $? != 0 ]] ; then\n    cat << EOM\nerror: The sandbox is not in sync with the Podfile.lock. Run 'pod install' or update your CocoaPods installation.\nEOM\n    exit 1\nfi\n";
			showEnvVarsInLog = 0;
		};
/* End PBXShellScriptBuildPhase section */

/* Begin PBXSourcesBuildPhase section */
		524E71A31901CE1F009D0D98 /* Sources */ = {
			isa = PBXSourcesBuildPhase;
			buildActionMask = 2147483647;
			files = (
				5229CABE1906028D005F6482 /* LSFTS4Manager.m in Sources */,
				5229CAB519060279005F6482 /* LSTestManager.m in Sources */,
				5229CAC419060297005F6482 /* Song.m in Sources */,
				5274A0CA1906056C003FFFD4 /* LSIndex.m in Sources */,
				5229CABA19060283005F6482 /* LSStopwatch.m in Sources */,
				5229CAB21906026C005F6482 /* LSAppDelegate.m in Sources */,
				5229CAC319060297005F6482 /* Book.m in Sources */,
				5229CABB19060283005F6482 /* LSUtilityFunctions.m in Sources */,
				5229CAC9190602A7005F6482 /* Book+Factory.m in Sources */,
				5229CAAF19060239005F6482 /* main.m in Sources */,
				5229CA9F19060208005F6482 /* LSMainViewController.m in Sources */,
				5229CACA190602A7005F6482 /* Song+Factory.m in Sources */,
			);
			runOnlyForDeploymentPostprocessing = 0;
		};
/* End PBXSourcesBuildPhase section */

/* Begin PBXVariantGroup section */
		525078C8190603C800BE55DE /* MainMenu.xib */ = {
			isa = PBXVariantGroup;
			children = (
				525078C9190603C800BE55DE /* Base */,
			);
			name = MainMenu.xib;
			sourceTree = "<group>";
		};
/* End PBXVariantGroup section */

/* Begin XCBuildConfiguration section */
		524E71D61901CE1F009D0D98 /* Debug */ = {
			isa = XCBuildConfiguration;
			buildSettings = {
				ALWAYS_SEARCH_USER_PATHS = NO;
				CLANG_CXX_LANGUAGE_STANDARD = "gnu++0x";
				CLANG_CXX_LIBRARY = "libc++";
				CLANG_ENABLE_MODULES = YES;
				CLANG_ENABLE_OBJC_ARC = YES;
				CLANG_WARN_BOOL_CONVERSION = YES;
				CLANG_WARN_CONSTANT_CONVERSION = YES;
				CLANG_WARN_DIRECT_OBJC_ISA_USAGE = YES_ERROR;
				CLANG_WARN_EMPTY_BODY = YES;
				CLANG_WARN_ENUM_CONVERSION = YES;
				CLANG_WARN_INT_CONVERSION = YES;
				CLANG_WARN_OBJC_ROOT_CLASS = YES_ERROR;
				CLANG_WARN__DUPLICATE_METHOD_MATCH = YES;
				COPY_PHASE_STRIP = NO;
				GCC_C_LANGUAGE_STANDARD = gnu99;
				GCC_DYNAMIC_NO_PIC = NO;
				GCC_ENABLE_OBJC_EXCEPTIONS = YES;
				GCC_OPTIMIZATION_LEVEL = 0;
				GCC_PREPROCESSOR_DEFINITIONS = (
					"DEBUG=1",
					"$(inherited)",
				);
				GCC_SYMBOLS_PRIVATE_EXTERN = NO;
				GCC_WARN_64_TO_32_BIT_CONVERSION = YES;
				GCC_WARN_ABOUT_RETURN_TYPE = YES_ERROR;
				GCC_WARN_UNDECLARED_SELECTOR = YES;
				GCC_WARN_UNINITIALIZED_AUTOS = YES_AGGRESSIVE;
				GCC_WARN_UNUSED_FUNCTION = YES;
				GCC_WARN_UNUSED_VARIABLE = YES;
				MACOSX_DEPLOYMENT_TARGET = 10.9;
				ONLY_ACTIVE_ARCH = YES;
				SDKROOT = macosx;
			};
			name = Debug;
		};
		524E71D71901CE1F009D0D98 /* Release */ = {
			isa = XCBuildConfiguration;
			buildSettings = {
				ALWAYS_SEARCH_USER_PATHS = NO;
				CLANG_CXX_LANGUAGE_STANDARD = "gnu++0x";
				CLANG_CXX_LIBRARY = "libc++";
				CLANG_ENABLE_MODULES = YES;
				CLANG_ENABLE_OBJC_ARC = YES;
				CLANG_WARN_BOOL_CONVERSION = YES;
				CLANG_WARN_CONSTANT_CONVERSION = YES;
				CLANG_WARN_DIRECT_OBJC_ISA_USAGE = YES_ERROR;
				CLANG_WARN_EMPTY_BODY = YES;
				CLANG_WARN_ENUM_CONVERSION = YES;
				CLANG_WARN_INT_CONVERSION = YES;
				CLANG_WARN_OBJC_ROOT_CLASS = YES_ERROR;
				CLANG_WARN__DUPLICATE_METHOD_MATCH = YES;
				COPY_PHASE_STRIP = YES;
				DEBUG_INFORMATION_FORMAT = "dwarf-with-dsym";
				ENABLE_NS_ASSERTIONS = NO;
				GCC_C_LANGUAGE_STANDARD = gnu99;
				GCC_ENABLE_OBJC_EXCEPTIONS = YES;
				GCC_WARN_64_TO_32_BIT_CONVERSION = YES;
				GCC_WARN_ABOUT_RETURN_TYPE = YES_ERROR;
				GCC_WARN_UNDECLARED_SELECTOR = YES;
				GCC_WARN_UNINITIALIZED_AUTOS = YES_AGGRESSIVE;
				GCC_WARN_UNUSED_FUNCTION = YES;
				GCC_WARN_UNUSED_VARIABLE = YES;
				MACOSX_DEPLOYMENT_TARGET = 10.9;
				SDKROOT = macosx;
			};
			name = Release;
		};
		524E71D91901CE1F009D0D98 /* Debug */ = {
			isa = XCBuildConfiguration;
			baseConfigurationReference = 61275C3DA64948FF919FB8EF /* Pods-benchmarking.xcconfig */;
			buildSettings = {
				ARCHS = "$(ARCHS_STANDARD)";
				ASSETCATALOG_COMPILER_APPICON_NAME = AppIcon;
				COMBINE_HIDPI_IMAGES = YES;
				GCC_PRECOMPILE_PREFIX_HEADER = YES;
				GCC_PREFIX_HEADER = "LevelSearchBenchmarking-Prefix.pch";
				INFOPLIST_FILE = "LevelSearchBenchmarking-Info.plist";
				PRODUCT_NAME = "$(TARGET_NAME)";
				VALID_ARCHS = x86_64;
				WRAPPER_EXTENSION = app;
			};
			name = Debug;
		};
		524E71DA1901CE1F009D0D98 /* Release */ = {
			isa = XCBuildConfiguration;
			baseConfigurationReference = 61275C3DA64948FF919FB8EF /* Pods-benchmarking.xcconfig */;
			buildSettings = {
				ARCHS = "$(ARCHS_STANDARD)";
				ASSETCATALOG_COMPILER_APPICON_NAME = AppIcon;
				COMBINE_HIDPI_IMAGES = YES;
				GCC_PRECOMPILE_PREFIX_HEADER = YES;
				GCC_PREFIX_HEADER = "LevelSearchBenchmarking-Prefix.pch";
				INFOPLIST_FILE = "LevelSearchBenchmarking-Info.plist";
				PRODUCT_NAME = "$(TARGET_NAME)";
				VALID_ARCHS = x86_64;
				WRAPPER_EXTENSION = app;
			};
			name = Release;
		};
/* End XCBuildConfiguration section */

/* Begin XCConfigurationList section */
		524E71A21901CE1F009D0D98 /* Build configuration list for PBXProject "LevelSearchBenchmarking" */ = {
			isa = XCConfigurationList;
			buildConfigurations = (
				524E71D61901CE1F009D0D98 /* Debug */,
				524E71D71901CE1F009D0D98 /* Release */,
			);
			defaultConfigurationIsVisible = 0;
			defaultConfigurationName = Release;
		};
		524E71D81901CE1F009D0D98 /* Build configuration list for PBXNativeTarget "benchmarking" */ = {
			isa = XCConfigurationList;
			buildConfigurations = (
				524E71D91901CE1F009D0D98 /* Debug */,
				524E71DA1901CE1F009D0D98 /* Release */,
			);
			defaultConfigurationIsVisible = 0;
			defaultConfigurationName = Release;
		};
/* End XCConfigurationList section */

/* Begin XCVersionGroup section */
		524E72151901F0F8009D0D98 /* LevelSearchBenchmarkingModel.xcdatamodeld */ = {
			isa = XCVersionGroup;
			children = (
				524E72161901F0F8009D0D98 /* LevelSearchBenchmarkingModel.xcdatamodel */,
			);
			currentVersion = 524E72161901F0F8009D0D98 /* LevelSearchBenchmarkingModel.xcdatamodel */;
			path = LevelSearchBenchmarkingModel.xcdatamodeld;
			sourceTree = "<group>";
			versionGroupType = wrapper.xcdatamodel;
		};
/* End XCVersionGroup section */
	};
	rootObject = 524E719F1901CE1F009D0D98 /* Project object */;
}
